
Microsoft Visual Studio Solution File, Format Version 12.00
# Visual Studio Version 17
VisualStudioVersion = 17.7.34202.233
MinimumVisualStudioVersion = 10.0.40219.1
Project("{FAE04EC0-301F-11D3-BF4B-00C04F79EFBC}") = "6_BilanganTerbilang", "6_BilanganTerbilang.csproj", "{FEC7CDA9-6363-4997-AB63-AD7F9A5A91F4}"
EndProject
Global
	GlobalSection(SolutionConfigurationPlatforms) = preSolution
		Debug|Any CPU = Debug|Any CPU
		Release|Any CPU = Release|Any CPU
	EndGlobalSection
	GlobalSection(ProjectConfigurationPlatforms) = postSolution
		{FEC7CDA9-6363-4997-AB63-AD7F9A5A91F4}.Debug|Any CPU.ActiveCfg = Debug|Any CPU
		{FEC7CDA9-6363-4997-AB63-AD7F9A5A91F4}.Debug|Any CPU.Build.0 = Debug|Any CPU
		{FEC7CDA9-6363-4997-AB63-AD7F9A5A91F4}.Release|Any CPU.ActiveCfg = Release|Any CPU
		{FEC7CDA9-6363-4997-AB63-AD7F9A5A91F4}.Release|Any CPU.Build.0 = Release|Any CPU
	EndGlobalSection
	GlobalSection(SolutionProperties) = preSolution
		HideSolutionNode = FALSE
	EndGlobalSection
	GlobalSection(ExtensibilityGlobals) = postSolution
		SolutionGuid = {F754FC6B-E79B-449D-A89F-F189AE29F2C4}
	EndGlobalSection
EndGlobal
