
Microsoft Visual Studio Solution File, Format Version 12.00
# Visual Studio Version 17
VisualStudioVersion = 17.7.34202.233
MinimumVisualStudioVersion = 10.0.40219.1
Project("{FAE04EC0-301F-11D3-BF4B-00C04F79EFBC}") = "3_Calculator-Addition-Multiplication", "3_Calculator-Addition-Multiplication.csproj", "{AE82E829-7E46-41F2-9A11-DD3ABF3756D3}"
EndProject
Global
	GlobalSection(SolutionConfigurationPlatforms) = preSolution
		Debug|Any CPU = Debug|Any CPU
		Release|Any CPU = Release|Any CPU
	EndGlobalSection
	GlobalSection(ProjectConfigurationPlatforms) = postSolution
		{AE82E829-7E46-41F2-9A11-DD3ABF3756D3}.Debug|Any CPU.ActiveCfg = Debug|Any CPU
		{AE82E829-7E46-41F2-9A11-DD3ABF3756D3}.Debug|Any CPU.Build.0 = Debug|Any CPU
		{AE82E829-7E46-41F2-9A11-DD3ABF3756D3}.Release|Any CPU.ActiveCfg = Release|Any CPU
		{AE82E829-7E46-41F2-9A11-DD3ABF3756D3}.Release|Any CPU.Build.0 = Release|Any CPU
	EndGlobalSection
	GlobalSection(SolutionProperties) = preSolution
		HideSolutionNode = FALSE
	EndGlobalSection
	GlobalSection(ExtensibilityGlobals) = postSolution
		SolutionGuid = {43DE08DC-450E-4321-8EBA-2E8FBC326E20}
	EndGlobalSection
EndGlobal
